
Microsoft Visual Studio Solution File, Format Version 12.00
# Visual Studio Version 17
VisualStudioVersion = 17.9.34607.119
MinimumVisualStudioVersion = 10.0.40219.1
Project("{FAE04EC0-301F-11D3-BF4B-00C04F79EFBC}") = "Seminar1.Start", "Seminar1.Start\Seminar1.Start.csproj", "{563E3858-1DB4-4667-A10B-96C85473BEEE}"
EndProject
Global
	GlobalSection(SolutionConfigurationPlatforms) = preSolution
		Debug|Any CPU = Debug|Any CPU
		Release|Any CPU = Release|Any CPU
	EndGlobalSection
	GlobalSection(ProjectConfigurationPlatforms) = postSolution
		{563E3858-1DB4-4667-A10B-96C85473BEEE}.Debug|Any CPU.ActiveCfg = Debug|Any CPU
		{563E3858-1DB4-4667-A10B-96C85473BEEE}.Debug|Any CPU.Build.0 = Debug|Any CPU
		{563E3858-1DB4-4667-A10B-96C85473BEEE}.Release|Any CPU.ActiveCfg = Release|Any CPU
		{563E3858-1DB4-4667-A10B-96C85473BEEE}.Release|Any CPU.Build.0 = Release|Any CPU
	EndGlobalSection
	GlobalSection(SolutionProperties) = preSolution
		HideSolutionNode = FALSE
	EndGlobalSection
	GlobalSection(ExtensibilityGlobals) = postSolution
		SolutionGuid = {FC6F0E48-DF2B-4F34-9F19-CBBBA67FBE60}
	EndGlobalSection
EndGlobal
