
Microsoft Visual Studio Solution File, Format Version 12.00
# Visual Studio Version 17
VisualStudioVersion = 17.9.34607.119
MinimumVisualStudioVersion = 10.0.40219.1
Project("{FAE04EC0-301F-11D3-BF4B-00C04F79EFBC}") = "Seminar4", "Seminar4\Seminar4.csproj", "{8F5B9603-5A5C-48CB-A008-A064C6E9F858}"
EndProject
Global
	GlobalSection(SolutionConfigurationPlatforms) = preSolution
		Debug|Any CPU = Debug|Any CPU
		Release|Any CPU = Release|Any CPU
	EndGlobalSection
	GlobalSection(ProjectConfigurationPlatforms) = postSolution
		{8F5B9603-5A5C-48CB-A008-A064C6E9F858}.Debug|Any CPU.ActiveCfg = Debug|Any CPU
		{8F5B9603-5A5C-48CB-A008-A064C6E9F858}.Debug|Any CPU.Build.0 = Debug|Any CPU
		{8F5B9603-5A5C-48CB-A008-A064C6E9F858}.Release|Any CPU.ActiveCfg = Release|Any CPU
		{8F5B9603-5A5C-48CB-A008-A064C6E9F858}.Release|Any CPU.Build.0 = Release|Any CPU
	EndGlobalSection
	GlobalSection(SolutionProperties) = preSolution
		HideSolutionNode = FALSE
	EndGlobalSection
	GlobalSection(ExtensibilityGlobals) = postSolution
		SolutionGuid = {A8545625-0756-43EC-A6BE-A73D373F559F}
	EndGlobalSection
EndGlobal
