
Microsoft Visual Studio Solution File, Format Version 12.00
# Visual Studio Version 17
VisualStudioVersion = 17.9.34607.119
MinimumVisualStudioVersion = 10.0.40219.1
Project("{FAE04EC0-301F-11D3-BF4B-00C04F79EFBC}") = "Seminar02", "Seminar02\Seminar02.csproj", "{D49A0DB0-F136-42A7-8216-1CD592151727}"
EndProject
Global
	GlobalSection(SolutionConfigurationPlatforms) = preSolution
		Debug|Any CPU = Debug|Any CPU
		Release|Any CPU = Release|Any CPU
	EndGlobalSection
	GlobalSection(ProjectConfigurationPlatforms) = postSolution
		{D49A0DB0-F136-42A7-8216-1CD592151727}.Debug|Any CPU.ActiveCfg = Debug|Any CPU
		{D49A0DB0-F136-42A7-8216-1CD592151727}.Debug|Any CPU.Build.0 = Debug|Any CPU
		{D49A0DB0-F136-42A7-8216-1CD592151727}.Release|Any CPU.ActiveCfg = Release|Any CPU
		{D49A0DB0-F136-42A7-8216-1CD592151727}.Release|Any CPU.Build.0 = Release|Any CPU
	EndGlobalSection
	GlobalSection(SolutionProperties) = preSolution
		HideSolutionNode = FALSE
	EndGlobalSection
	GlobalSection(ExtensibilityGlobals) = postSolution
		SolutionGuid = {9337D8CC-6D62-4558-8CB9-37922CA8A598}
	EndGlobalSection
EndGlobal
